
Microsoft Visual Studio Solution File, Format Version 12.00
# Visual Studio Version 16
VisualStudioVersion = 16.0.30011.22
MinimumVisualStudioVersion = 10.0.40219.1
Project("{FAE04EC0-301F-11D3-BF4B-00C04F79EFBC}") = "Stateless.CodeGenerator", "Stateless.CodeGenerator\Stateless.CodeGenerator.csproj", "{C039D7E9-0AB5-4D3F-82DF-17E5389A04ED}"
EndProject
Project("{FAE04EC0-301F-11D3-BF4B-00C04F79EFBC}") = "Stateless.Generator.Tests", "Stateless.Generator.Tests\Stateless.Generator.Tests.csproj", "{F0FD6BC1-16DA-47D9-BF15-E501DBB2FF08}"
EndProject
Global
	GlobalSection(SolutionConfigurationPlatforms) = preSolution
		Debug|Any CPU = Debug|Any CPU
		Release|Any CPU = Release|Any CPU
	EndGlobalSection
	GlobalSection(ProjectConfigurationPlatforms) = postSolution
		{C039D7E9-0AB5-4D3F-82DF-17E5389A04ED}.Debug|Any CPU.ActiveCfg = Debug|Any CPU
		{C039D7E9-0AB5-4D3F-82DF-17E5389A04ED}.Debug|Any CPU.Build.0 = Debug|Any CPU
		{C039D7E9-0AB5-4D3F-82DF-17E5389A04ED}.Release|Any CPU.ActiveCfg = Release|Any CPU
		{C039D7E9-0AB5-4D3F-82DF-17E5389A04ED}.Release|Any CPU.Build.0 = Release|Any CPU
		{F0FD6BC1-16DA-47D9-BF15-E501DBB2FF08}.Debug|Any CPU.ActiveCfg = Debug|Any CPU
		{F0FD6BC1-16DA-47D9-BF15-E501DBB2FF08}.Debug|Any CPU.Build.0 = Debug|Any CPU
		{F0FD6BC1-16DA-47D9-BF15-E501DBB2FF08}.Release|Any CPU.ActiveCfg = Release|Any CPU
		{F0FD6BC1-16DA-47D9-BF15-E501DBB2FF08}.Release|Any CPU.Build.0 = Release|Any CPU
	EndGlobalSection
	GlobalSection(SolutionProperties) = preSolution
		HideSolutionNode = FALSE
	EndGlobalSection
	GlobalSection(ExtensibilityGlobals) = postSolution
		SolutionGuid = {835166BF-6E8D-4422-B48C-B2BDDA05FDE4}
	EndGlobalSection
EndGlobal
